
Microsoft Visual Studio Solution File, Format Version 12.00
# Visual Studio Version 16
VisualStudioVersion = 16.0.29911.84
MinimumVisualStudioVersion = 10.0.40219.1
Project("{FAE04EC0-301F-11D3-BF4B-00C04F79EFBC}") = "Highlighter", "Highlighter\Highlighter.csproj", "{8FC0D8F6-93F6-4607-AD72-82A23922CD48}"
EndProject
Global
	GlobalSection(SolutionConfigurationPlatforms) = preSolution
		Debug|Any CPU = Debug|Any CPU
		Release|Any CPU = Release|Any CPU
	EndGlobalSection
	GlobalSection(ProjectConfigurationPlatforms) = postSolution
		{8FC0D8F6-93F6-4607-AD72-82A23922CD48}.Debug|Any CPU.ActiveCfg = Debug|Any CPU
		{8FC0D8F6-93F6-4607-AD72-82A23922CD48}.Debug|Any CPU.Build.0 = Debug|Any CPU
		{8FC0D8F6-93F6-4607-AD72-82A23922CD48}.Release|Any CPU.ActiveCfg = Release|Any CPU
		{8FC0D8F6-93F6-4607-AD72-82A23922CD48}.Release|Any CPU.Build.0 = Release|Any CPU
	EndGlobalSection
	GlobalSection(SolutionProperties) = preSolution
		HideSolutionNode = FALSE
	EndGlobalSection
	GlobalSection(ExtensibilityGlobals) = postSolution
		SolutionGuid = {31A5A720-01A2-445B-918A-CF8985D147AC}
	EndGlobalSection
EndGlobal
